// !$*UTF8*$!
{
	archiveVersion = 1;
	classes = {
	};
	objectVersion = 46;
	objects = {

/* Begin PBXBuildFile section */
		D2C99A251C5D3B950051440E /* AppDelegate.swift in Sources */ = {isa = PBXBuildFile; fileRef = D2C99A241C5D3B950051440E /* AppDelegate.swift */; };
		D2C99A271C5D3B950051440E /* ViewController.swift in Sources */ = {isa = PBXBuildFile; fileRef = D2C99A261C5D3B950051440E /* ViewController.swift */; };
		D2C99A2A1C5D3B950051440E /* Main.storyboard in Resources */ = {isa = PBXBuildFile; fileRef = D2C99A281C5D3B950051440E /* Main.storyboard */; };
		D2C99A2C1C5D3B960051440E /* Assets.xcassets in Resources */ = {isa = PBXBuildFile; fileRef = D2C99A2B1C5D3B960051440E /* Assets.xcassets */; };
		D2C99A2F1C5D3B960051440E /* LaunchScreen.storyboard in Resources */ = {isa = PBXBuildFile; fileRef = D2C99A2D1C5D3B960051440E /* LaunchScreen.storyboard */; };
		D2C99A371C5D4F8C0051440E /* ScannerCodeOwnerViewController.swift in Sources */ = {isa = PBXBuildFile; fileRef = D2C99A361C5D4F8C0051440E /* ScannerCodeOwnerViewController.swift */; };
		D2C99A3A1C5D699D0051440E /* OwnerRegisterIDViewController.swift in Sources */ = {isa = PBXBuildFile; fileRef = D2C99A391C5D699D0051440E /* OwnerRegisterIDViewController.swift */; };
		D2C99A3C1C5D74580051440E /* HousesViewController.swift in Sources */ = {isa = PBXBuildFile; fileRef = D2C99A3B1C5D74580051440E /* HousesViewController.swift */; };
		D2C99A3E1C5D934E0051440E /* UserCell.swift in Sources */ = {isa = PBXBuildFile; fileRef = D2C99A3D1C5D934E0051440E /* UserCell.swift */; };
		D2C99A401C5DB3690051440E /* UnlockDoorController.swift in Sources */ = {isa = PBXBuildFile; fileRef = D2C99A3F1C5DB3690051440E /* UnlockDoorController.swift */; };
		D2C99A421C5DBCD70051440E /* PhotoID.swift in Sources */ = {isa = PBXBuildFile; fileRef = D2C99A411C5DBCD70051440E /* PhotoID.swift */; };
		D2C99A441C5DC3210051440E /* UsersViewController.swift in Sources */ = {isa = PBXBuildFile; fileRef = D2C99A431C5DC3210051440E /* UsersViewController.swift */; };
		D2C99A461C5DC55D0051440E /* HousesViewCell.swift in Sources */ = {isa = PBXBuildFile; fileRef = D2C99A451C5DC55D0051440E /* HousesViewCell.swift */; };
		D2C99A4C1C5E13FD0051440E /* RedCircle.png in Resources */ = {isa = PBXBuildFile; fileRef = D2C99A4B1C5E13FD0051440E /* RedCircle.png */; };
/* End PBXBuildFile section */

/* Begin PBXFileReference section */
		D2C99A211C5D3B950051440E /* RockLock.app */ = {isa = PBXFileReference; explicitFileType = wrapper.application; includeInIndex = 0; path = RockLock.app; sourceTree = BUILT_PRODUCTS_DIR; };
		D2C99A241C5D3B950051440E /* AppDelegate.swift */ = {isa = PBXFileReference; lastKnownFileType = sourcecode.swift; path = AppDelegate.swift; sourceTree = "<group>"; };
		D2C99A261C5D3B950051440E /* ViewController.swift */ = {isa = PBXFileReference; lastKnownFileType = sourcecode.swift; path = ViewController.swift; sourceTree = "<group>"; };
		D2C99A291C5D3B950051440E /* Base */ = {isa = PBXFileReference; lastKnownFileType = file.storyboard; name = Base; path = Base.lproj/Main.storyboard; sourceTree = "<group>"; };
		D2C99A2B1C5D3B960051440E /* Assets.xcassets */ = {isa = PBXFileReference; lastKnownFileType = folder.assetcatalog; path = Assets.xcassets; sourceTree = "<group>"; };
		D2C99A2E1C5D3B960051440E /* Base */ = {isa = PBXFileReference; lastKnownFileType = file.storyboard; name = Base; path = Base.lproj/LaunchScreen.storyboard; sourceTree = "<group>"; };
		D2C99A301C5D3B960051440E /* Info.plist */ = {isa = PBXFileReference; lastKnownFileType = text.plist.xml; path = Info.plist; sourceTree = "<group>"; };
		D2C99A361C5D4F8C0051440E /* ScannerCodeOwnerViewController.swift */ = {isa = PBXFileReference; fileEncoding = 4; lastKnownFileType = sourcecode.swift; path = ScannerCodeOwnerViewController.swift; sourceTree = "<group>"; };
		D2C99A391C5D699D0051440E /* OwnerRegisterIDViewController.swift */ = {isa = PBXFileReference; fileEncoding = 4; lastKnownFileType = sourcecode.swift; path = OwnerRegisterIDViewController.swift; sourceTree = "<group>"; };
		D2C99A3B1C5D74580051440E /* HousesViewController.swift */ = {isa = PBXFileReference; fileEncoding = 4; lastKnownFileType = sourcecode.swift; path = HousesViewController.swift; sourceTree = "<group>"; };
		D2C99A3D1C5D934E0051440E /* UserCell.swift */ = {isa = PBXFileReference; fileEncoding = 4; lastKnownFileType = sourcecode.swift; path = UserCell.swift; sourceTree = "<group>"; };
		D2C99A3F1C5DB3690051440E /* UnlockDoorController.swift */ = {isa = PBXFileReference; fileEncoding = 4; lastKnownFileType = sourcecode.swift; path = UnlockDoorController.swift; sourceTree = "<group>"; };
		D2C99A411C5DBCD70051440E /* PhotoID.swift */ = {isa = PBXFileReference; fileEncoding = 4; lastKnownFileType = sourcecode.swift; path = PhotoID.swift; sourceTree = "<group>"; };
		D2C99A431C5DC3210051440E /* UsersViewController.swift */ = {isa = PBXFileReference; fileEncoding = 4; lastKnownFileType = sourcecode.swift; path = UsersViewController.swift; sourceTree = "<group>"; };
		D2C99A451C5DC55D0051440E /* HousesViewCell.swift */ = {isa = PBXFileReference; fileEncoding = 4; lastKnownFileType = sourcecode.swift; path = HousesViewCell.swift; sourceTree = "<group>"; };
		D2C99A4B1C5E13FD0051440E /* RedCircle.png */ = {isa = PBXFileReference; lastKnownFileType = image.png; name = RedCircle.png; path = ../../../../Pictures/RedCircle.png; sourceTree = "<group>"; };
/* End PBXFileReference section */

/* Begin PBXFrameworksBuildPhase section */
		D2C99A1E1C5D3B950051440E /* Frameworks */ = {
			isa = PBXFrameworksBuildPhase;
			buildActionMask = 2147483647;
			files = (
			);
			runOnlyForDeploymentPostprocessing = 0;
		};
/* End PBXFrameworksBuildPhase section */

/* Begin PBXGroup section */
		D2C99A181C5D3B950051440E = {
			isa = PBXGroup;
			children = (
				D2C99A231C5D3B950051440E /* RockLock */,
				D2C99A221C5D3B950051440E /* Products */,
			);
			sourceTree = "<group>";
		};
		D2C99A221C5D3B950051440E /* Products */ = {
			isa = PBXGroup;
			children = (
				D2C99A211C5D3B950051440E /* RockLock.app */,
			);
			name = Products;
			sourceTree = "<group>";
		};
		D2C99A231C5D3B950051440E /* RockLock */ = {
			isa = PBXGroup;
			children = (
				D2C99A381C5D4F990051440E /* Views */,
				D2C99A241C5D3B950051440E /* AppDelegate.swift */,
				D2C99A281C5D3B950051440E /* Main.storyboard */,
				D2C99A2B1C5D3B960051440E /* Assets.xcassets */,
				D2C99A2D1C5D3B960051440E /* LaunchScreen.storyboard */,
				D2C99A4B1C5E13FD0051440E /* RedCircle.png */,
				D2C99A301C5D3B960051440E /* Info.plist */,
			);
			path = RockLock;
			sourceTree = "<group>";
		};
		D2C99A381C5D4F990051440E /* Views */ = {
			isa = PBXGroup;
			children = (
				D2C99A361C5D4F8C0051440E /* ScannerCodeOwnerViewController.swift */,
				D2C99A391C5D699D0051440E /* OwnerRegisterIDViewController.swift */,
				D2C99A261C5D3B950051440E /* ViewController.swift */,
				D2C99A3B1C5D74580051440E /* HousesViewController.swift */,
				D2C99A3D1C5D934E0051440E /* UserCell.swift */,
				D2C99A411C5DBCD70051440E /* PhotoID.swift */,
				D2C99A3F1C5DB3690051440E /* UnlockDoorController.swift */,
				D2C99A451C5DC55D0051440E /* HousesViewCell.swift */,
				D2C99A431C5DC3210051440E /* UsersViewController.swift */,
			);
			name = Views;
			sourceTree = "<group>";
		};
/* End PBXGroup section */

/* Begin PBXNativeTarget section */
		D2C99A201C5D3B950051440E /* RockLock */ = {
			isa = PBXNativeTarget;
			buildConfigurationList = D2C99A331C5D3B960051440E /* Build configuration list for PBXNativeTarget "RockLock" */;
			buildPhases = (
				D2C99A1D1C5D3B950051440E /* Sources */,
				D2C99A1E1C5D3B950051440E /* Frameworks */,
				D2C99A1F1C5D3B950051440E /* Resources */,
			);
			buildRules = (
			);
			dependencies = (
			);
			name = RockLock;
			productName = RockLock;
			productReference = D2C99A211C5D3B950051440E /* RockLock.app */;
			productType = "com.apple.product-type.application";
		};
/* End PBXNativeTarget section */

/* Begin PBXProject section */
		D2C99A191C5D3B950051440E /* Project object */ = {
			isa = PBXProject;
			attributes = {
				LastSwiftUpdateCheck = 0720;
				LastUpgradeCheck = 0720;
				ORGANIZATIONNAME = "Rupin Bhalla";
				TargetAttributes = {
					D2C99A201C5D3B950051440E = {
						CreatedOnToolsVersion = 7.2;
						DevelopmentTeam = U8GD76KLP5;
					};
				};
			};
			buildConfigurationList = D2C99A1C1C5D3B950051440E /* Build configuration list for PBXProject "RockLock" */;
			compatibilityVersion = "Xcode 3.2";
			developmentRegion = English;
			hasScannedForEncodings = 0;
			knownRegions = (
				en,
				Base,
			);
			mainGroup = D2C99A181C5D3B950051440E;
			productRefGroup = D2C99A221C5D3B950051440E /* Products */;
			projectDirPath = "";
			projectRoot = "";
			targets = (
				D2C99A201C5D3B950051440E /* RockLock */,
			);
		};
/* End PBXProject section */

/* Begin PBXResourcesBuildPhase section */
		D2C99A1F1C5D3B950051440E /* Resources */ = {
			isa = PBXResourcesBuildPhase;
			buildActionMask = 2147483647;
			files = (
				D2C99A2F1C5D3B960051440E /* LaunchScreen.storyboard in Resources */,
				D2C99A4C1C5E13FD0051440E /* RedCircle.png in Resources */,
				D2C99A2C1C5D3B960051440E /* Assets.xcassets in Resources */,
				D2C99A2A1C5D3B950051440E /* Main.storyboard in Resources */,
			);
			runOnlyForDeploymentPostprocessing = 0;
		};
/* End PBXResourcesBuildPhase section */

/* Begin PBXSourcesBuildPhase section */
		D2C99A1D1C5D3B950051440E /* Sources */ = {
			isa = PBXSourcesBuildPhase;
			buildActionMask = 2147483647;
			files = (
				D2C99A3C1C5D74580051440E /* HousesViewController.swift in Sources */,
				D2C99A271C5D3B950051440E /* ViewController.swift in Sources */,
				D2C99A3E1C5D934E0051440E /* UserCell.swift in Sources */,
				D2C99A371C5D4F8C0051440E /* ScannerCodeOwnerViewController.swift in Sources */,
				D2C99A3A1C5D699D0051440E /* OwnerRegisterIDViewController.swift in Sources */,
				D2C99A461C5DC55D0051440E /* HousesViewCell.swift in Sources */,
				D2C99A401C5DB3690051440E /* UnlockDoorController.swift in Sources */,
				D2C99A251C5D3B950051440E /* AppDelegate.swift in Sources */,
				D2C99A441C5DC3210051440E /* UsersViewController.swift in Sources */,
				D2C99A421C5DBCD70051440E /* PhotoID.swift in Sources */,
			);
			runOnlyForDeploymentPostprocessing = 0;
		};
/* End PBXSourcesBuildPhase section */

/* Begin PBXVariantGroup section */
		D2C99A281C5D3B950051440E /* Main.storyboard */ = {
			isa = PBXVariantGroup;
			children = (
				D2C99A291C5D3B950051440E /* Base */,
			);
			name = Main.storyboard;
			sourceTree = "<group>";
		};
		D2C99A2D1C5D3B960051440E /* LaunchScreen.storyboard */ = {
			isa = PBXVariantGroup;
			children = (
				D2C99A2E1C5D3B960051440E /* Base */,
			);
			name = LaunchScreen.storyboard;
			sourceTree = "<group>";
		};
/* End PBXVariantGroup section */

/* Begin XCBuildConfiguration section */
		D2C99A311C5D3B960051440E /* Debug */ = {
			isa = XCBuildConfiguration;
			buildSettings = {
				ALWAYS_SEARCH_USER_PATHS = NO;
				CLANG_CXX_LANGUAGE_STANDARD = "gnu++0x";
				CLANG_CXX_LIBRARY = "libc++";
				CLANG_ENABLE_MODULES = YES;
				CLANG_ENABLE_OBJC_ARC = YES;
				CLANG_WARN_BOOL_CONVERSION = YES;
				CLANG_WARN_CONSTANT_CONVERSION = YES;
				CLANG_WARN_DIRECT_OBJC_ISA_USAGE = YES_ERROR;
				CLANG_WARN_EMPTY_BODY = YES;
				CLANG_WARN_ENUM_CONVERSION = YES;
				CLANG_WARN_INT_CONVERSION = YES;
				CLANG_WARN_OBJC_ROOT_CLASS = YES_ERROR;
				CLANG_WARN_UNREACHABLE_CODE = YES;
				CLANG_WARN__DUPLICATE_METHOD_MATCH = YES;
				"CODE_SIGN_IDENTITY[sdk=iphoneos*]" = "iPhone Developer";
				COPY_PHASE_STRIP = NO;
				DEBUG_INFORMATION_FORMAT = dwarf;
				ENABLE_STRICT_OBJC_MSGSEND = YES;
				ENABLE_TESTABILITY = YES;
				GCC_C_LANGUAGE_STANDARD = gnu99;
				GCC_DYNAMIC_NO_PIC = NO;
				GCC_NO_COMMON_BLOCKS = YES;
				GCC_OPTIMIZATION_LEVEL = 0;
				GCC_PREPROCESSOR_DEFINITIONS = (
					"DEBUG=1",
					"$(inherited)",
				);
				GCC_WARN_64_TO_32_BIT_CONVERSION = YES;
				GCC_WARN_ABOUT_RETURN_TYPE = YES_ERROR;
				GCC_WARN_UNDECLARED_SELECTOR = YES;
				GCC_WARN_UNINITIALIZED_AUTOS = YES_AGGRESSIVE;
				GCC_WARN_UNUSED_FUNCTION = YES;
				GCC_WARN_UNUSED_VARIABLE = YES;
				IPHONEOS_DEPLOYMENT_TARGET = 9.2;
				MTL_ENABLE_DEBUG_INFO = YES;
				ONLY_ACTIVE_ARCH = YES;
				SDKROOT = iphoneos;
				SWIFT_OPTIMIZATION_LEVEL = "-Onone";
				TARGETED_DEVICE_FAMILY = "1,2";
			};
			name = Debug;
		};
		D2C99A321C5D3B960051440E /* Release */ = {
			isa = XCBuildConfiguration;
			buildSettings = {
				ALWAYS_SEARCH_USER_PATHS = NO;
				CLANG_CXX_LANGUAGE_STANDARD = "gnu++0x";
				CLANG_CXX_LIBRARY = "libc++";
				CLANG_ENABLE_MODULES = YES;
				CLANG_ENABLE_OBJC_ARC = YES;
				CLANG_WARN_BOOL_CONVERSION = YES;
				CLANG_WARN_CONSTANT_CONVERSION = YES;
				CLANG_WARN_DIRECT_OBJC_ISA_USAGE = YES_ERROR;
				CLANG_WARN_EMPTY_BODY = YES;
				CLANG_WARN_ENUM_CONVERSION = YES;
				CLANG_WARN_INT_CONVERSION = YES;
				CLANG_WARN_OBJC_ROOT_CLASS = YES_ERROR;
				CLANG_WARN_UNREACHABLE_CODE = YES;
				CLANG_WARN__DUPLICATE_METHOD_MATCH = YES;
				"CODE_SIGN_IDENTITY[sdk=iphoneos*]" = "iPhone Developer";
				COPY_PHASE_STRIP = NO;
				DEBUG_INFORMATION_FORMAT = "dwarf-with-dsym";
				ENABLE_NS_ASSERTIONS = NO;
				ENABLE_STRICT_OBJC_MSGSEND = YES;
				GCC_C_LANGUAGE_STANDARD = gnu99;
				GCC_NO_COMMON_BLOCKS = YES;
				GCC_WARN_64_TO_32_BIT_CONVERSION = YES;
				GCC_WARN_ABOUT_RETURN_TYPE = YES_ERROR;
				GCC_WARN_UNDECLARED_SELECTOR = YES;
				GCC_WARN_UNINITIALIZED_AUTOS = YES_AGGRESSIVE;
				GCC_WARN_UNUSED_FUNCTION = YES;
				GCC_WARN_UNUSED_VARIABLE = YES;
				IPHONEOS_DEPLOYMENT_TARGET = 9.2;
				MTL_ENABLE_DEBUG_INFO = NO;
				SDKROOT = iphoneos;
				TARGETED_DEVICE_FAMILY = "1,2";
				VALIDATE_PRODUCT = YES;
			};
			name = Release;
		};
		D2C99A341C5D3B960051440E /* Debug */ = {
			isa = XCBuildConfiguration;
			buildSettings = {
				ASSETCATALOG_COMPILER_APPICON_NAME = AppIcon;
				CODE_SIGN_IDENTITY = "iPhone Developer";
				INFOPLIST_FILE = RockLock/Info.plist;
				IPHONEOS_DEPLOYMENT_TARGET = 8.3;
				LD_RUNPATH_SEARCH_PATHS = "$(inherited) @executable_path/Frameworks";
				PRODUCT_BUNDLE_IDENTIFIER = com.RupinBhalla.RockLock;
				PRODUCT_NAME = "$(TARGET_NAME)";
			};
			name = Debug;
		};
		D2C99A351C5D3B960051440E /* Release */ = {
			isa = XCBuildConfiguration;
			buildSettings = {
				ASSETCATALOG_COMPILER_APPICON_NAME = AppIcon;
				CODE_SIGN_IDENTITY = "iPhone Developer";
				INFOPLIST_FILE = RockLock/Info.plist;
				IPHONEOS_DEPLOYMENT_TARGET = 8.3;
				LD_RUNPATH_SEARCH_PATHS = "$(inherited) @executable_path/Frameworks";
				PRODUCT_BUNDLE_IDENTIFIER = com.RupinBhalla.RockLock;
				PRODUCT_NAME = "$(TARGET_NAME)";
			};
			name = Release;
		};
/* End XCBuildConfiguration section */

/* Begin XCConfigurationList section */
		D2C99A1C1C5D3B950051440E /* Build configuration list for PBXProject "RockLock" */ = {
			isa = XCConfigurationList;
			buildConfigurations = (
				D2C99A311C5D3B960051440E /* Debug */,
				D2C99A321C5D3B960051440E /* Release */,
			);
			defaultConfigurationIsVisible = 0;
			defaultConfigurationName = Release;
		};
		D2C99A331C5D3B960051440E /* Build configuration list for PBXNativeTarget "RockLock" */ = {
			isa = XCConfigurationList;
			buildConfigurations = (
				D2C99A341C5D3B960051440E /* Debug */,
				D2C99A351C5D3B960051440E /* Release */,
			);
			defaultConfigurationIsVisible = 0;
			defaultConfigurationName = Release;
		};
/* End XCConfigurationList section */
	};
	rootObject = D2C99A191C5D3B950051440E /* Project object */;
}
